# This file is automatically @generated by Cargo.
# It is not intended for manual editing.
version = 4

[[package]]
name = "bitflags"
version = "2.13.2"
source = "registry+https://github.com/rust-lang/crates.io-index"
checksum = "3ded4057c258ba199e2d26386d3af3780957ecaee6c4ef4041c6b4b8b97c0b06"

[[package]]
name = "cfg-if"
version = "1.0.5"
source = "registry+https://github.com/rust-lang/crates.io-index"
checksum = "4e7648175b45a9a48536d676f68d918270699102aa8dab5496df06904c914600"

[[package]]
name = "io-uring"
version = "0.7.15"
source = "registry+https://github.com/rust-lang/crates.io-index"
checksum = "ed3bd0ecfbb87805f538bb7b32e5239ca0763890c623e349860ecba69469f2bb"
dependencies = [
 "bitflags",
 "cfg-if",
 "libc",
]

[[package]]
name = "jig-accounts-world"
version = "0.0.0"
dependencies = [
 "jig-core-accounts",
 "skein-lib",
 "skein-world",
]

[[package]]
name = "jig-boundary"
version = "0.0.0"

[[package]]
name = "jig-brief-world"
version = "0.0.0"
dependencies = [
 "jig-core-brief",
 "skein-lib",
 "skein-world",
]

[[package]]
name = "jig-charter"
version = "0.0.0"
dependencies = [
 "skein-lib",
 "smith-charter",
 "smith-domain-run",
]

[[package]]
name = "jig-conformance"
version = "0.0.0"
dependencies = [
 "jig-fake-store",
 "jig-test-system",
 "skein-lib",
 "skein-world",
]

[[package]]
name = "jig-conformance-world"
version = "0.0.0"
dependencies = [
 "jig-conformance",
 "jig-core",
 "jig-core-accounts",
 "jig-core-authority",
 "jig-core-fleet",
 "jig-core-notes",
 "jig-core-people",
 "jig-core-tasks",
 "jig-core-world",
 "jig-fake-parties",
 "jig-fake-store",
 "jig-fake-workers",
 "jig-test-connector",
 "jig-test-connector-world",
 "jig-test-domain",
 "jig-test-system",
 "skein-lib",
 "skein-world",
]

[[package]]
name = "jig-core"
version = "0.0.0"
dependencies = [
 "jig-core-accounts",
 "jig-core-authority",
 "jig-core-brief",
 "jig-core-fleet",
 "jig-core-notes",
 "jig-core-people",
 "jig-core-tasks",
 "jig-core-views",
 "skein-lib",
]

[[package]]
name = "jig-core-accounts"
version = "0.0.0"
dependencies = [
 "skein-lib",
]

[[package]]
name = "jig-core-authority"
version = "0.0.0"
dependencies = [
 "skein-lib",
]

[[package]]
name = "jig-core-brief"
version = "0.0.0"
dependencies = [
 "skein-lib",
]

[[package]]
name = "jig-core-fleet"
version = "0.0.0"
dependencies = [
 "skein-lib",
]

[[package]]
name = "jig-core-notes"
version = "0.0.0"
dependencies = [
 "skein-lib",
]

[[package]]
name = "jig-core-people"
version = "0.0.0"
dependencies = [
 "skein-lib",
]

[[package]]
name = "jig-core-tasks"
version = "0.0.0"
dependencies = [
 "skein-lib",
]

[[package]]
name = "jig-core-views"
version = "0.0.0"
dependencies = [
 "skein-lib",
]

[[package]]
name = "jig-core-world"
version = "0.0.0"
dependencies = [
 "jig-conformance",
 "jig-core",
 "jig-core-accounts",
 "jig-core-authority",
 "jig-core-brief",
 "jig-core-fleet",
 "jig-core-notes",
 "jig-core-people",
 "jig-core-tasks",
 "jig-core-views",
 "jig-fake-parties",
 "jig-fake-store",
 "jig-fake-workers",
 "jig-test-connector",
 "jig-test-connector-world",
 "jig-test-domain",
 "jig-test-system",
 "skein-lib",
 "skein-world",
]

[[package]]
name = "jig-fake-parties"
version = "0.0.0"
dependencies = [
 "skein-lib",
]

[[package]]
name = "jig-fake-store"
version = "0.0.0"

[[package]]
name = "jig-fake-workers"
version = "0.0.0"
dependencies = [
 "skein-lib",
]

[[package]]
name = "jig-fleet-world"
version = "0.0.0"
dependencies = [
 "jig-core-fleet",
 "skein-lib",
 "skein-world",
]

[[package]]
name = "jig-host"
version = "0.0.0"
dependencies = [
 "skein-lib",
]

[[package]]
name = "jig-host-world"
version = "0.0.0"
dependencies = [
 "jig-charter",
 "jig-host",
 "jig-inline-agent",
 "skein-fake-llm-domain",
 "skein-lib",
 "skein-world",
 "smith-agent-world",
 "smith-charter",
 "smith-domain",
 "smith-host-domain",
 "smith-protocol-channel",
 "smith-transcript",
]

[[package]]
name = "jig-inline-agent"
version = "0.0.0"
dependencies = [
 "jig-charter",
 "skein-lib",
 "smith-agent-world",
 "smith-charter",
 "smith-domain",
 "smith-domain-run",
 "smith-host-domain",
 "smith-protocol-channel",
 "smith-transcript",
]

[[package]]
name = "jig-notes-world"
version = "0.0.0"
dependencies = [
 "jig-core-notes",
 "skein-lib",
 "skein-world",
]

[[package]]
name = "jig-ops-domain"
version = "0.0.0"
dependencies = [
 "jig-charter",
 "jig-core",
 "jig-core-accounts",
 "jig-core-authority",
 "jig-core-brief",
 "jig-core-fleet",
 "jig-core-notes",
 "jig-core-people",
 "jig-core-tasks",
 "jig-core-views",
 "jig-core-world",
 "jig-host",
 "jig-inline-agent",
 "jig-ops-domain-infrastructure",
 "jig-ops-domain-observability",
 "jig-ops-world",
 "skein-json",
 "skein-lib",
 "smith-agent-world",
 "smith-charter",
 "smith-domain",
 "smith-domain-run",
 "smith-host-domain",
 "smith-protocol-channel",
 "smith-transcript",
]

[[package]]
name = "jig-ops-domain-infrastructure"
version = "0.0.0"
dependencies = [
 "skein-lib",
]

[[package]]
name = "jig-ops-domain-observability"
version = "0.0.0"
dependencies = [
 "skein-lib",
]

[[package]]
name = "jig-ops-fake-production"
version = "0.0.0"

[[package]]
name = "jig-ops-world"
version = "0.0.0"
dependencies = [
 "jig-charter",
 "jig-conformance",
 "jig-core",
 "jig-core-accounts",
 "jig-core-authority",
 "jig-core-fleet",
 "jig-core-notes",
 "jig-core-people",
 "jig-core-tasks",
 "jig-core-world",
 "jig-fake-store",
 "jig-host",
 "jig-inline-agent",
 "jig-ops-domain",
 "jig-ops-domain-infrastructure",
 "jig-ops-domain-observability",
 "jig-ops-fake-production",
 "jig-test-system",
 "skein-fake-llm-domain",
 "skein-lib",
 "skein-world",
 "smith-agent-world",
 "smith-charter",
 "smith-domain",
 "smith-domain-run",
 "smith-protocol-channel",
 "smith-transcript",
]

[[package]]
name = "jig-people-world"
version = "0.0.0"
dependencies = [
 "jig-core-people",
 "skein-lib",
 "skein-world",
]

[[package]]
name = "jig-tasks-world"
version = "0.0.0"
dependencies = [
 "jig-core-tasks",
 "skein-lib",
 "skein-world",
]

[[package]]
name = "jig-test-connector"
version = "0.0.0"
dependencies = [
 "skein-lib",
]

[[package]]
name = "jig-test-connector-world"
version = "0.0.0"
dependencies = [
 "jig-test-connector",
 "jig-test-system",
 "skein-lib",
]

[[package]]
name = "jig-test-domain"
version = "0.0.0"
dependencies = [
 "jig-core",
 "jig-core-accounts",
 "jig-core-authority",
 "jig-core-fleet",
 "jig-core-notes",
 "jig-core-people",
 "jig-core-tasks",
 "jig-test-connector",
 "skein-lib",
]

[[package]]
name = "jig-test-system"
version = "0.0.0"
dependencies = [
 "jig-test-connector",
 "skein-lib",
]

[[package]]
name = "jig-views-world"
version = "0.0.0"
dependencies = [
 "jig-core-views",
 "skein-lib",
 "skein-world",
]

[[package]]
name = "libc"
version = "0.2.190"
source = "registry+https://github.com/rust-lang/crates.io-index"
checksum = "ce5d3ddc6d3fa000eb1536d85e147bfe31aacaba692ed6a876f95cb7c855be78"

[[package]]
name = "skein-channel"
version = "0.0.0"
source = "git+https://git.ekanayaka.io/ai/skein.git#17b221b8423352d5c1d30128837ccbf5cd8025c2"
dependencies = [
 "skein-lib",
]

[[package]]
name = "skein-codec"
version = "0.0.0"
source = "git+https://git.ekanayaka.io/ai/skein.git#17b221b8423352d5c1d30128837ccbf5cd8025c2"
dependencies = [
 "skein-lib",
]

[[package]]
name = "skein-fake-checkout"
version = "0.0.0"
source = "git+https://git.ekanayaka.io/ai/skein.git#17b221b8423352d5c1d30128837ccbf5cd8025c2"

[[package]]
name = "skein-fake-llm-domain"
version = "0.0.0"
source = "git+https://git.ekanayaka.io/ai/skein.git#17b221b8423352d5c1d30128837ccbf5cd8025c2"
dependencies = [
 "skein-lib",
]

[[package]]
name = "skein-heap"
version = "0.0.0"
source = "git+https://git.ekanayaka.io/ai/skein.git#17b221b8423352d5c1d30128837ccbf5cd8025c2"

[[package]]
name = "skein-io"
version = "0.0.0"
source = "git+https://git.ekanayaka.io/ai/skein.git#17b221b8423352d5c1d30128837ccbf5cd8025c2"
dependencies = [
 "skein-lib",
]

[[package]]
name = "skein-json"
version = "0.0.0"
source = "git+https://git.ekanayaka.io/ai/skein.git#e1152507c94c0fb6d4fd9ed190d392ec5d21da9b"
dependencies = [
 "skein-lib",
]

[[package]]
name = "skein-lib"
version = "0.0.0"
source = "git+https://git.ekanayaka.io/ai/skein.git#17b221b8423352d5c1d30128837ccbf5cd8025c2"

[[package]]
name = "skein-shell"
version = "0.0.0"
source = "git+https://git.ekanayaka.io/ai/skein.git#17b221b8423352d5c1d30128837ccbf5cd8025c2"
dependencies = [
 "io-uring",
 "libc",
 "skein-io",
 "skein-lib",
]

[[package]]
name = "skein-sim"
version = "0.0.0"
source = "git+https://git.ekanayaka.io/ai/skein.git#17b221b8423352d5c1d30128837ccbf5cd8025c2"
dependencies = [
 "skein-io",
 "skein-lib",
]

[[package]]
name = "skein-world"
version = "0.0.0"
source = "git+https://git.ekanayaka.io/ai/skein.git#17b221b8423352d5c1d30128837ccbf5cd8025c2"
dependencies = [
 "skein-heap",
 "skein-io",
 "skein-lib",
 "skein-shell",
 "skein-sim",
]

[[package]]
name = "smith-agent-world"
version = "0.0.0"
source = "git+https://git.ekanayaka.io/ai/smith.git#a54fe558421ed07ce376ac1ebf2ce09345c8d496"
dependencies = [
 "skein-fake-checkout",
 "skein-fake-llm-domain",
 "skein-lib",
 "skein-world",
 "smith-domain",
 "smith-domain-tools",
 "smith-host-domain",
 "smith-host-world",
 "smith-session-world",
 "smith-tools-world",
]

[[package]]
name = "smith-channel"
version = "0.0.0"
source = "git+https://git.ekanayaka.io/ai/smith.git#a54fe558421ed07ce376ac1ebf2ce09345c8d496"
dependencies = [
 "skein-channel",
 "skein-codec",
 "skein-lib",
]

[[package]]
name = "smith-charter"
version = "0.0.0"
source = "git+https://git.ekanayaka.io/ai/smith.git#a54fe558421ed07ce376ac1ebf2ce09345c8d496"
dependencies = [
 "skein-codec",
 "skein-lib",
]

[[package]]
name = "smith-domain"
version = "0.0.0"
source = "git+https://git.ekanayaka.io/ai/smith.git#a54fe558421ed07ce376ac1ebf2ce09345c8d496"
dependencies = [
 "skein-lib",
 "smith-domain-run",
 "smith-domain-session",
 "smith-domain-tools",
]

[[package]]
name = "smith-domain-run"
version = "0.0.0"
source = "git+https://git.ekanayaka.io/ai/smith.git#a54fe558421ed07ce376ac1ebf2ce09345c8d496"
dependencies = [
 "skein-lib",
]

[[package]]
name = "smith-domain-session"
version = "0.0.0"
source = "git+https://git.ekanayaka.io/ai/smith.git#a54fe558421ed07ce376ac1ebf2ce09345c8d496"
dependencies = [
 "skein-lib",
 "smith-domain-tools",
]

[[package]]
name = "smith-domain-tools"
version = "0.0.0"
source = "git+https://git.ekanayaka.io/ai/smith.git#a54fe558421ed07ce376ac1ebf2ce09345c8d496"
dependencies = [
 "skein-lib",
]

[[package]]
name = "smith-host-domain"
version = "0.0.0"
source = "git+https://git.ekanayaka.io/ai/smith.git#a54fe558421ed07ce376ac1ebf2ce09345c8d496"
dependencies = [
 "skein-lib",
]

[[package]]
name = "smith-host-world"
version = "0.0.0"
source = "git+https://git.ekanayaka.io/ai/smith.git#a54fe558421ed07ce376ac1ebf2ce09345c8d496"
dependencies = [
 "skein-lib",
 "skein-world",
 "smith-host-domain",
]

[[package]]
name = "smith-protocol-channel"
version = "0.0.0"
source = "git+https://git.ekanayaka.io/ai/smith.git#a54fe558421ed07ce376ac1ebf2ce09345c8d496"
dependencies = [
 "skein-channel",
 "skein-lib",
 "smith-channel",
 "smith-charter",
 "smith-domain",
 "smith-domain-session",
 "smith-domain-tools",
 "smith-transcript",
]

[[package]]
name = "smith-session-world"
version = "0.0.0"
source = "git+https://git.ekanayaka.io/ai/smith.git#a54fe558421ed07ce376ac1ebf2ce09345c8d496"
dependencies = [
 "skein-fake-checkout",
 "skein-fake-llm-domain",
 "skein-lib",
 "skein-world",
 "smith-domain-session",
 "smith-domain-tools",
 "smith-tools-world",
]

[[package]]
name = "smith-tools-world"
version = "0.0.0"
source = "git+https://git.ekanayaka.io/ai/smith.git#a54fe558421ed07ce376ac1ebf2ce09345c8d496"
dependencies = [
 "skein-fake-checkout",
 "skein-lib",
 "skein-world",
 "smith-domain-tools",
]

[[package]]
name = "smith-transcript"
version = "0.0.0"
source = "git+https://git.ekanayaka.io/ai/smith.git#a54fe558421ed07ce376ac1ebf2ce09345c8d496"
dependencies = [
 "skein-codec",
 "skein-lib",
]
